
Microsoft Visual Studio Solution File, Format Version 12.00
# Visual Studio Version 17
VisualStudioVersion = 17.11.35327.3
MinimumVisualStudioVersion = 10.0.40219.1
Project("{FAE04EC0-301F-11D3-BF4B-00C04F79EFBC}") = "Araç Kiralama", "Araç Kiralama\Araç Kiralama.csproj", "{A094CE3E-143F-444B-B9C2-FA4FCB462403}"
EndProject
Global
	GlobalSection(SolutionConfigurationPlatforms) = preSolution
		Debug|Any CPU = Debug|Any CPU
		Release|Any CPU = Release|Any CPU
	EndGlobalSection
	GlobalSection(ProjectConfigurationPlatforms) = postSolution
		{A094CE3E-143F-444B-B9C2-FA4FCB462403}.Debug|Any CPU.ActiveCfg = Debug|Any CPU
		{A094CE3E-143F-444B-B9C2-FA4FCB462403}.Debug|Any CPU.Build.0 = Debug|Any CPU
		{A094CE3E-143F-444B-B9C2-FA4FCB462403}.Release|Any CPU.ActiveCfg = Release|Any CPU
		{A094CE3E-143F-444B-B9C2-FA4FCB462403}.Release|Any CPU.Build.0 = Release|Any CPU
	EndGlobalSection
	GlobalSection(SolutionProperties) = preSolution
		HideSolutionNode = FALSE
	EndGlobalSection
	GlobalSection(ExtensibilityGlobals) = postSolution
		SolutionGuid = {A4255665-6E01-4733-AADB-FEEDAFC7644D}
	EndGlobalSection
EndGlobal
